// !$*UTF8*$!
{
	archiveVersion = 1;
	classes = {
	};
	objectVersion = 55;
	objects = {

/* Begin PBXBuildFile section */
		4E2292CA27E27E2000F99933 /* AdjacencyMatrix.swift in Sources */ = {isa = PBXBuildFile; fileRef = 4E2292C927E27E2000F99933 /* AdjacencyMatrix.swift */; };
		4E2292CC27E2818E00F99933 /* AdjacencyList.swift in Sources */ = {isa = PBXBuildFile; fileRef = 4E2292CB27E2818E00F99933 /* AdjacencyList.swift */; };
		4E2292CE27E2856500F99933 /* DFS.swift in Sources */ = {isa = PBXBuildFile; fileRef = 4E2292CD27E2856500F99933 /* DFS.swift */; };
		4E2292D027E2856E00F99933 /* BFS.swift in Sources */ = {isa = PBXBuildFile; fileRef = 4E2292CF27E2856E00F99933 /* BFS.swift */; };
		4E2292D327E2857F00F99933 /* Stack.swift in Sources */ = {isa = PBXBuildFile; fileRef = 4E2292D127E2857F00F99933 /* Stack.swift */; };
		4E2292D427E2857F00F99933 /* Queue.swift in Sources */ = {isa = PBXBuildFile; fileRef = 4E2292D227E2857F00F99933 /* Queue.swift */; };
		4E2292F627E3DB1400F99933 /* ConnectedComponents.swift in Sources */ = {isa = PBXBuildFile; fileRef = 4E2292F527E3DB1400F99933 /* ConnectedComponents.swift */; };
		4E2292F827E3DDA900F99933 /* Bipartite.swift in Sources */ = {isa = PBXBuildFile; fileRef = 4E2292F727E3DDA900F99933 /* Bipartite.swift */; };
		4E23792727D6B0E300456314 /* Backtracking.swift in Sources */ = {isa = PBXBuildFile; fileRef = 4E23792627D6B0E200456314 /* Backtracking.swift */; };
		4E33F68B27E91A620025CF74 /* TreeTraversals.swift in Sources */ = {isa = PBXBuildFile; fileRef = 4E33F68A27E91A620025CF74 /* TreeTraversals.swift */; };
		4E4455FC27DFDD8B00C42330 /* Bag.swift in Sources */ = {isa = PBXBuildFile; fileRef = 4E4455FB27DFDD8B00C42330 /* Bag.swift */; };
		4E62399827D169E70092E0C9 /* ExhaustiveSearch.swift in Sources */ = {isa = PBXBuildFile; fileRef = 4E62399727D169E70092E0C9 /* ExhaustiveSearch.swift */; };
		4E74FE0127D0157900074D21 /* main.swift in Sources */ = {isa = PBXBuildFile; fileRef = 4E74FE0027D0157900074D21 /* main.swift */; };
		4E74FE0927D015B600074D21 /* Recursion.swift in Sources */ = {isa = PBXBuildFile; fileRef = 4E74FE0827D015B600074D21 /* Recursion.swift */; };
		4E74FE0C27D01AF700074D21 /* String+DPStringTool.swift in Sources */ = {isa = PBXBuildFile; fileRef = 4E74FE0B27D01AF700074D21 /* String+DPStringTool.swift */; };
		4E8C31F827FB86B0001A5086 /* CyclicPermutation.swift in Sources */ = {isa = PBXBuildFile; fileRef = 4E8C31F727FB86B0001A5086 /* CyclicPermutation.swift */; };
		4E8C31FA27FB88AB001A5086 /* RepeatingSequence.swift in Sources */ = {isa = PBXBuildFile; fileRef = 4E8C31F927FB88AB001A5086 /* RepeatingSequence.swift */; };
		4E8C31FC27FB8CDE001A5086 /* findJudge997.swift in Sources */ = {isa = PBXBuildFile; fileRef = 4E8C31FB27FB8CDE001A5086 /* findJudge997.swift */; };
		4E8C31FE27FB9063001A5086 /* WhosMyParent.swift in Sources */ = {isa = PBXBuildFile; fileRef = 4E8C31FD27FB9063001A5086 /* WhosMyParent.swift */; };
		4E8C320027FB91E7001A5086 /* Diameter.swift in Sources */ = {isa = PBXBuildFile; fileRef = 4E8C31FF27FB91E7001A5086 /* Diameter.swift */; };
		4E98449427D94E8700389B9C /* Searching.swift in Sources */ = {isa = PBXBuildFile; fileRef = 4E98449327D94E8700389B9C /* Searching.swift */; };
		4E98449627D9533700389B9C /* Sorting.swift in Sources */ = {isa = PBXBuildFile; fileRef = 4E98449527D9533700389B9C /* Sorting.swift */; };
/* End PBXBuildFile section */

/* Begin PBXCopyFilesBuildPhase section */
		4E74FDFB27D0157900074D21 /* CopyFiles */ = {
			isa = PBXCopyFilesBuildPhase;
			buildActionMask = 2147483647;
			dstPath = /usr/share/man/man1/;
			dstSubfolderSpec = 0;
			files = (
			);
			runOnlyForDeploymentPostprocessing = 1;
		};
/* End PBXCopyFilesBuildPhase section */

/* Begin PBXFileReference section */
		4E2292C927E27E2000F99933 /* AdjacencyMatrix.swift */ = {isa = PBXFileReference; lastKnownFileType = sourcecode.swift; path = AdjacencyMatrix.swift; sourceTree = "<group>"; };
		4E2292CB27E2818E00F99933 /* AdjacencyList.swift */ = {isa = PBXFileReference; lastKnownFileType = sourcecode.swift; path = AdjacencyList.swift; sourceTree = "<group>"; };
		4E2292CD27E2856500F99933 /* DFS.swift */ = {isa = PBXFileReference; lastKnownFileType = sourcecode.swift; path = DFS.swift; sourceTree = "<group>"; };
		4E2292CF27E2856E00F99933 /* BFS.swift */ = {isa = PBXFileReference; lastKnownFileType = sourcecode.swift; path = BFS.swift; sourceTree = "<group>"; };
		4E2292D127E2857F00F99933 /* Stack.swift */ = {isa = PBXFileReference; fileEncoding = 4; lastKnownFileType = sourcecode.swift; path = Stack.swift; sourceTree = "<group>"; };
		4E2292D227E2857F00F99933 /* Queue.swift */ = {isa = PBXFileReference; fileEncoding = 4; lastKnownFileType = sourcecode.swift; path = Queue.swift; sourceTree = "<group>"; };
		4E2292F527E3DB1400F99933 /* ConnectedComponents.swift */ = {isa = PBXFileReference; lastKnownFileType = sourcecode.swift; path = ConnectedComponents.swift; sourceTree = "<group>"; };
		4E2292F727E3DDA900F99933 /* Bipartite.swift */ = {isa = PBXFileReference; lastKnownFileType = sourcecode.swift; path = Bipartite.swift; sourceTree = "<group>"; };
		4E23792627D6B0E200456314 /* Backtracking.swift */ = {isa = PBXFileReference; lastKnownFileType = sourcecode.swift; path = Backtracking.swift; sourceTree = "<group>"; };
		4E33F68A27E91A620025CF74 /* TreeTraversals.swift */ = {isa = PBXFileReference; lastKnownFileType = sourcecode.swift; path = TreeTraversals.swift; sourceTree = "<group>"; };
		4E4455FB27DFDD8B00C42330 /* Bag.swift */ = {isa = PBXFileReference; lastKnownFileType = sourcecode.swift; path = Bag.swift; sourceTree = "<group>"; };
		4E62399727D169E70092E0C9 /* ExhaustiveSearch.swift */ = {isa = PBXFileReference; lastKnownFileType = sourcecode.swift; path = ExhaustiveSearch.swift; sourceTree = "<group>"; };
		4E74FDFD27D0157900074D21 /* Swift-AGDS */ = {isa = PBXFileReference; explicitFileType = "compiled.mach-o.executable"; includeInIndex = 0; path = "Swift-AGDS"; sourceTree = BUILT_PRODUCTS_DIR; };
		4E74FE0027D0157900074D21 /* main.swift */ = {isa = PBXFileReference; lastKnownFileType = sourcecode.swift; path = main.swift; sourceTree = "<group>"; };
		4E74FE0827D015B600074D21 /* Recursion.swift */ = {isa = PBXFileReference; lastKnownFileType = sourcecode.swift; path = Recursion.swift; sourceTree = "<group>"; };
		4E74FE0B27D01AF700074D21 /* String+DPStringTool.swift */ = {isa = PBXFileReference; fileEncoding = 4; lastKnownFileType = sourcecode.swift; path = "String+DPStringTool.swift"; sourceTree = "<group>"; };
		4E74FE0D27D024A600074D21 /* story.txt */ = {isa = PBXFileReference; lastKnownFileType = text; path = story.txt; sourceTree = "<group>"; };
		4E8C31F727FB86B0001A5086 /* CyclicPermutation.swift */ = {isa = PBXFileReference; lastKnownFileType = sourcecode.swift; path = CyclicPermutation.swift; sourceTree = "<group>"; };
		4E8C31F927FB88AB001A5086 /* RepeatingSequence.swift */ = {isa = PBXFileReference; lastKnownFileType = sourcecode.swift; path = RepeatingSequence.swift; sourceTree = "<group>"; };
		4E8C31FB27FB8CDE001A5086 /* findJudge997.swift */ = {isa = PBXFileReference; lastKnownFileType = sourcecode.swift; path = findJudge997.swift; sourceTree = "<group>"; };
		4E8C31FD27FB9063001A5086 /* WhosMyParent.swift */ = {isa = PBXFileReference; lastKnownFileType = sourcecode.swift; path = WhosMyParent.swift; sourceTree = "<group>"; };
		4E8C31FF27FB91E7001A5086 /* Diameter.swift */ = {isa = PBXFileReference; lastKnownFileType = sourcecode.swift; path = Diameter.swift; sourceTree = "<group>"; };
		4E98449327D94E8700389B9C /* Searching.swift */ = {isa = PBXFileReference; lastKnownFileType = sourcecode.swift; path = Searching.swift; sourceTree = "<group>"; };
		4E98449527D9533700389B9C /* Sorting.swift */ = {isa = PBXFileReference; lastKnownFileType = sourcecode.swift; path = Sorting.swift; sourceTree = "<group>"; };
/* End PBXFileReference section */

/* Begin PBXFrameworksBuildPhase section */
		4E74FDFA27D0157900074D21 /* Frameworks */ = {
			isa = PBXFrameworksBuildPhase;
			buildActionMask = 2147483647;
			files = (
			);
			runOnlyForDeploymentPostprocessing = 0;
		};
/* End PBXFrameworksBuildPhase section */

/* Begin PBXGroup section */
		4E2292C727E27E0300F99933 /* Graph */ = {
			isa = PBXGroup;
			children = (
				4E8C31F627FB858D001A5086 /* Assignments */,
				4E2292C827E27E1100F99933 /* Examples */,
			);
			path = Graph;
			sourceTree = "<group>";
		};
		4E2292C827E27E1100F99933 /* Examples */ = {
			isa = PBXGroup;
			children = (
				4E2292C927E27E2000F99933 /* AdjacencyMatrix.swift */,
				4E2292CB27E2818E00F99933 /* AdjacencyList.swift */,
				4E2292CD27E2856500F99933 /* DFS.swift */,
				4E2292CF27E2856E00F99933 /* BFS.swift */,
				4E2292F527E3DB1400F99933 /* ConnectedComponents.swift */,
				4E2292F727E3DDA900F99933 /* Bipartite.swift */,
			);
			path = Examples;
			sourceTree = "<group>";
		};
		4E33F68927E91A520025CF74 /* Trees */ = {
			isa = PBXGroup;
			children = (
				4E8C31F527FB857E001A5086 /* Assignments */,
				4E33F68A27E91A620025CF74 /* TreeTraversals.swift */,
			);
			path = Trees;
			sourceTree = "<group>";
		};
		4E4455FA27DFDD7D00C42330 /* DataStructures1 */ = {
			isa = PBXGroup;
			children = (
				4E4455FB27DFDD8B00C42330 /* Bag.swift */,
				4E2292D227E2857F00F99933 /* Queue.swift */,
				4E2292D127E2857F00F99933 /* Stack.swift */,
			);
			path = DataStructures1;
			sourceTree = "<group>";
		};
		4E74FDF427D0157900074D21 = {
			isa = PBXGroup;
			children = (
				4E74FDFF27D0157900074D21 /* Swift-AGDS */,
				4E74FDFE27D0157900074D21 /* Products */,
			);
			sourceTree = "<group>";
		};
		4E74FDFE27D0157900074D21 /* Products */ = {
			isa = PBXGroup;
			children = (
				4E74FDFD27D0157900074D21 /* Swift-AGDS */,
			);
			name = Products;
			sourceTree = "<group>";
		};
		4E74FDFF27D0157900074D21 /* Swift-AGDS */ = {
			isa = PBXGroup;
			children = (
				4E33F68927E91A520025CF74 /* Trees */,
				4E2292C727E27E0300F99933 /* Graph */,
				4E4455FA27DFDD7D00C42330 /* DataStructures1 */,
				4E98449227D94E7500389B9C /* SearchingSorting */,
				4E74FE0A27D01AE200074D21 /* Utils */,
				4E74FE0727D015A600074D21 /* Recursion */,
				4E74FE0027D0157900074D21 /* main.swift */,
			);
			path = "Swift-AGDS";
			sourceTree = "<group>";
		};
		4E74FE0727D015A600074D21 /* Recursion */ = {
			isa = PBXGroup;
			children = (
				4E74FE0D27D024A600074D21 /* story.txt */,
				4E74FE0827D015B600074D21 /* Recursion.swift */,
				4E62399727D169E70092E0C9 /* ExhaustiveSearch.swift */,
				4E23792627D6B0E200456314 /* Backtracking.swift */,
			);
			path = Recursion;
			sourceTree = "<group>";
		};
		4E74FE0A27D01AE200074D21 /* Utils */ = {
			isa = PBXGroup;
			children = (
				4E74FE0B27D01AF700074D21 /* String+DPStringTool.swift */,
			);
			path = Utils;
			sourceTree = "<group>";
		};
		4E8C31F527FB857E001A5086 /* Assignments */ = {
			isa = PBXGroup;
			children = (
				4E8C31FD27FB9063001A5086 /* WhosMyParent.swift */,
				4E8C31FF27FB91E7001A5086 /* Diameter.swift */,
			);
			path = Assignments;
			sourceTree = "<group>";
		};
		4E8C31F627FB858D001A5086 /* Assignments */ = {
			isa = PBXGroup;
			children = (
				4E8C31F727FB86B0001A5086 /* CyclicPermutation.swift */,
				4E8C31F927FB88AB001A5086 /* RepeatingSequence.swift */,
				4E8C31FB27FB8CDE001A5086 /* findJudge997.swift */,
			);
			path = Assignments;
			sourceTree = "<group>";
		};
		4E98449227D94E7500389B9C /* SearchingSorting */ = {
			isa = PBXGroup;
			children = (
				4E98449327D94E8700389B9C /* Searching.swift */,
				4E98449527D9533700389B9C /* Sorting.swift */,
			);
			path = SearchingSorting;
			sourceTree = "<group>";
		};
/* End PBXGroup section */

/* Begin PBXNativeTarget section */
		4E74FDFC27D0157900074D21 /* Swift-AGDS */ = {
			isa = PBXNativeTarget;
			buildConfigurationList = 4E74FE0427D0157900074D21 /* Build configuration list for PBXNativeTarget "Swift-AGDS" */;
			buildPhases = (
				4E74FDF927D0157900074D21 /* Sources */,
				4E74FDFA27D0157900074D21 /* Frameworks */,
				4E74FDFB27D0157900074D21 /* CopyFiles */,
			);
			buildRules = (
			);
			dependencies = (
			);
			name = "Swift-AGDS";
			productName = "Swift-AGDS";
			productReference = 4E74FDFD27D0157900074D21 /* Swift-AGDS */;
			productType = "com.apple.product-type.tool";
		};
/* End PBXNativeTarget section */

/* Begin PBXProject section */
		4E74FDF527D0157900074D21 /* Project object */ = {
			isa = PBXProject;
			attributes = {
				BuildIndependentTargetsInParallel = 1;
				LastSwiftUpdateCheck = 1320;
				LastUpgradeCheck = 1320;
				TargetAttributes = {
					4E74FDFC27D0157900074D21 = {
						CreatedOnToolsVersion = 13.2.1;
					};
				};
			};
			buildConfigurationList = 4E74FDF827D0157900074D21 /* Build configuration list for PBXProject "Swift-AGDS" */;
			compatibilityVersion = "Xcode 13.0";
			developmentRegion = en;
			hasScannedForEncodings = 0;
			knownRegions = (
				en,
				Base,
			);
			mainGroup = 4E74FDF427D0157900074D21;
			productRefGroup = 4E74FDFE27D0157900074D21 /* Products */;
			projectDirPath = "";
			projectRoot = "";
			targets = (
				4E74FDFC27D0157900074D21 /* Swift-AGDS */,
			);
		};
/* End PBXProject section */

/* Begin PBXSourcesBuildPhase section */
		4E74FDF927D0157900074D21 /* Sources */ = {
			isa = PBXSourcesBuildPhase;
			buildActionMask = 2147483647;
			files = (
				4E98449427D94E8700389B9C /* Searching.swift in Sources */,
				4E2292D427E2857F00F99933 /* Queue.swift in Sources */,
				4E8C320027FB91E7001A5086 /* Diameter.swift in Sources */,
				4E8C31FC27FB8CDE001A5086 /* findJudge997.swift in Sources */,
				4E2292D327E2857F00F99933 /* Stack.swift in Sources */,
				4E74FE0C27D01AF700074D21 /* String+DPStringTool.swift in Sources */,
				4E62399827D169E70092E0C9 /* ExhaustiveSearch.swift in Sources */,
				4E8C31F827FB86B0001A5086 /* CyclicPermutation.swift in Sources */,
				4E8C31FE27FB9063001A5086 /* WhosMyParent.swift in Sources */,
				4E23792727D6B0E300456314 /* Backtracking.swift in Sources */,
				4E8C31FA27FB88AB001A5086 /* RepeatingSequence.swift in Sources */,
				4E2292CE27E2856500F99933 /* DFS.swift in Sources */,
				4E98449627D9533700389B9C /* Sorting.swift in Sources */,
				4E2292F627E3DB1400F99933 /* ConnectedComponents.swift in Sources */,
				4E2292CA27E27E2000F99933 /* AdjacencyMatrix.swift in Sources */,
				4E33F68B27E91A620025CF74 /* TreeTraversals.swift in Sources */,
				4E74FE0927D015B600074D21 /* Recursion.swift in Sources */,
				4E4455FC27DFDD8B00C42330 /* Bag.swift in Sources */,
				4E2292CC27E2818E00F99933 /* AdjacencyList.swift in Sources */,
				4E74FE0127D0157900074D21 /* main.swift in Sources */,
				4E2292F827E3DDA900F99933 /* Bipartite.swift in Sources */,
				4E2292D027E2856E00F99933 /* BFS.swift in Sources */,
			);
			runOnlyForDeploymentPostprocessing = 0;
		};
/* End PBXSourcesBuildPhase section */

/* Begin XCBuildConfiguration section */
		4E74FE0227D0157900074D21 /* Debug */ = {
			isa = XCBuildConfiguration;
			buildSettings = {
				ALWAYS_SEARCH_USER_PATHS = NO;
				CLANG_ANALYZER_NONNULL = YES;
				CLANG_ANALYZER_NUMBER_OBJECT_CONVERSION = YES_AGGRESSIVE;
				CLANG_CXX_LANGUAGE_STANDARD = "gnu++17";
				CLANG_CXX_LIBRARY = "libc++";
				CLANG_ENABLE_MODULES = YES;
				CLANG_ENABLE_OBJC_ARC = YES;
				CLANG_ENABLE_OBJC_WEAK = YES;
				CLANG_WARN_BLOCK_CAPTURE_AUTORELEASING = YES;
				CLANG_WARN_BOOL_CONVERSION = YES;
				CLANG_WARN_COMMA = YES;
				CLANG_WARN_CONSTANT_CONVERSION = YES;
				CLANG_WARN_DEPRECATED_OBJC_IMPLEMENTATIONS = YES;
				CLANG_WARN_DIRECT_OBJC_ISA_USAGE = YES_ERROR;
				CLANG_WARN_DOCUMENTATION_COMMENTS = YES;
				CLANG_WARN_EMPTY_BODY = YES;
				CLANG_WARN_ENUM_CONVERSION = YES;
				CLANG_WARN_INFINITE_RECURSION = YES;
				CLANG_WARN_INT_CONVERSION = YES;
				CLANG_WARN_NON_LITERAL_NULL_CONVERSION = YES;
				CLANG_WARN_OBJC_IMPLICIT_RETAIN_SELF = YES;
				CLANG_WARN_OBJC_LITERAL_CONVERSION = YES;
				CLANG_WARN_OBJC_ROOT_CLASS = YES_ERROR;
				CLANG_WARN_QUOTED_INCLUDE_IN_FRAMEWORK_HEADER = YES;
				CLANG_WARN_RANGE_LOOP_ANALYSIS = YES;
				CLANG_WARN_STRICT_PROTOTYPES = YES;
				CLANG_WARN_SUSPICIOUS_MOVE = YES;
				CLANG_WARN_UNGUARDED_AVAILABILITY = YES_AGGRESSIVE;
				CLANG_WARN_UNREACHABLE_CODE = YES;
				CLANG_WARN__DUPLICATE_METHOD_MATCH = YES;
				COPY_PHASE_STRIP = NO;
				DEBUG_INFORMATION_FORMAT = dwarf;
				ENABLE_STRICT_OBJC_MSGSEND = YES;
				ENABLE_TESTABILITY = YES;
				GCC_C_LANGUAGE_STANDARD = gnu11;
				GCC_DYNAMIC_NO_PIC = NO;
				GCC_NO_COMMON_BLOCKS = YES;
				GCC_OPTIMIZATION_LEVEL = 0;
				GCC_PREPROCESSOR_DEFINITIONS = (
					"DEBUG=1",
					"$(inherited)",
				);
				GCC_WARN_64_TO_32_BIT_CONVERSION = YES;
				GCC_WARN_ABOUT_RETURN_TYPE = YES_ERROR;
				GCC_WARN_UNDECLARED_SELECTOR = YES;
				GCC_WARN_UNINITIALIZED_AUTOS = YES_AGGRESSIVE;
				GCC_WARN_UNUSED_FUNCTION = YES;
				GCC_WARN_UNUSED_VARIABLE = YES;
				MACOSX_DEPLOYMENT_TARGET = 12.0;
				MTL_ENABLE_DEBUG_INFO = INCLUDE_SOURCE;
				MTL_FAST_MATH = YES;
				ONLY_ACTIVE_ARCH = YES;
				SDKROOT = macosx;
				SWIFT_ACTIVE_COMPILATION_CONDITIONS = DEBUG;
				SWIFT_OPTIMIZATION_LEVEL = "-Onone";
			};
			name = Debug;
		};
		4E74FE0327D0157900074D21 /* Release */ = {
			isa = XCBuildConfiguration;
			buildSettings = {
				ALWAYS_SEARCH_USER_PATHS = NO;
				CLANG_ANALYZER_NONNULL = YES;
				CLANG_ANALYZER_NUMBER_OBJECT_CONVERSION = YES_AGGRESSIVE;
				CLANG_CXX_LANGUAGE_STANDARD = "gnu++17";
				CLANG_CXX_LIBRARY = "libc++";
				CLANG_ENABLE_MODULES = YES;
				CLANG_ENABLE_OBJC_ARC = YES;
				CLANG_ENABLE_OBJC_WEAK = YES;
				CLANG_WARN_BLOCK_CAPTURE_AUTORELEASING = YES;
				CLANG_WARN_BOOL_CONVERSION = YES;
				CLANG_WARN_COMMA = YES;
				CLANG_WARN_CONSTANT_CONVERSION = YES;
				CLANG_WARN_DEPRECATED_OBJC_IMPLEMENTATIONS = YES;
				CLANG_WARN_DIRECT_OBJC_ISA_USAGE = YES_ERROR;
				CLANG_WARN_DOCUMENTATION_COMMENTS = YES;
				CLANG_WARN_EMPTY_BODY = YES;
				CLANG_WARN_ENUM_CONVERSION = YES;
				CLANG_WARN_INFINITE_RECURSION = YES;
				CLANG_WARN_INT_CONVERSION = YES;
				CLANG_WARN_NON_LITERAL_NULL_CONVERSION = YES;
				CLANG_WARN_OBJC_IMPLICIT_RETAIN_SELF = YES;
				CLANG_WARN_OBJC_LITERAL_CONVERSION = YES;
				CLANG_WARN_OBJC_ROOT_CLASS = YES_ERROR;
				CLANG_WARN_QUOTED_INCLUDE_IN_FRAMEWORK_HEADER = YES;
				CLANG_WARN_RANGE_LOOP_ANALYSIS = YES;
				CLANG_WARN_STRICT_PROTOTYPES = YES;
				CLANG_WARN_SUSPICIOUS_MOVE = YES;
				CLANG_WARN_UNGUARDED_AVAILABILITY = YES_AGGRESSIVE;
				CLANG_WARN_UNREACHABLE_CODE = YES;
				CLANG_WARN__DUPLICATE_METHOD_MATCH = YES;
				COPY_PHASE_STRIP = NO;
				DEBUG_INFORMATION_FORMAT = "dwarf-with-dsym";
				ENABLE_NS_ASSERTIONS = NO;
				ENABLE_STRICT_OBJC_MSGSEND = YES;
				GCC_C_LANGUAGE_STANDARD = gnu11;
				GCC_NO_COMMON_BLOCKS = YES;
				GCC_WARN_64_TO_32_BIT_CONVERSION = YES;
				GCC_WARN_ABOUT_RETURN_TYPE = YES_ERROR;
				GCC_WARN_UNDECLARED_SELECTOR = YES;
				GCC_WARN_UNINITIALIZED_AUTOS = YES_AGGRESSIVE;
				GCC_WARN_UNUSED_FUNCTION = YES;
				GCC_WARN_UNUSED_VARIABLE = YES;
				MACOSX_DEPLOYMENT_TARGET = 12.0;
				MTL_ENABLE_DEBUG_INFO = NO;
				MTL_FAST_MATH = YES;
				SDKROOT = macosx;
				SWIFT_COMPILATION_MODE = wholemodule;
				SWIFT_OPTIMIZATION_LEVEL = "-O";
			};
			name = Release;
		};
		4E74FE0527D0157900074D21 /* Debug */ = {
			isa = XCBuildConfiguration;
			buildSettings = {
				CODE_SIGN_STYLE = Automatic;
				DEVELOPMENT_TEAM = 25222AKG24;
				ENABLE_HARDENED_RUNTIME = YES;
				PRODUCT_NAME = "$(TARGET_NAME)";
				SWIFT_VERSION = 5.0;
			};
			name = Debug;
		};
		4E74FE0627D0157900074D21 /* Release */ = {
			isa = XCBuildConfiguration;
			buildSettings = {
				CODE_SIGN_STYLE = Automatic;
				DEVELOPMENT_TEAM = 25222AKG24;
				ENABLE_HARDENED_RUNTIME = YES;
				PRODUCT_NAME = "$(TARGET_NAME)";
				SWIFT_VERSION = 5.0;
			};
			name = Release;
		};
/* End XCBuildConfiguration section */

/* Begin XCConfigurationList section */
		4E74FDF827D0157900074D21 /* Build configuration list for PBXProject "Swift-AGDS" */ = {
			isa = XCConfigurationList;
			buildConfigurations = (
				4E74FE0227D0157900074D21 /* Debug */,
				4E74FE0327D0157900074D21 /* Release */,
			);
			defaultConfigurationIsVisible = 0;
			defaultConfigurationName = Release;
		};
		4E74FE0427D0157900074D21 /* Build configuration list for PBXNativeTarget "Swift-AGDS" */ = {
			isa = XCConfigurationList;
			buildConfigurations = (
				4E74FE0527D0157900074D21 /* Debug */,
				4E74FE0627D0157900074D21 /* Release */,
			);
			defaultConfigurationIsVisible = 0;
			defaultConfigurationName = Release;
		};
/* End XCConfigurationList section */
	};
	rootObject = 4E74FDF527D0157900074D21 /* Project object */;
}
